// !$*UTF8*$!
{
	archiveVersion = 1;
	classes = {
	};
	objectVersion = 46;
	objects = {

/* Begin PBXBuildFile section */
		403D82B21A789DCB00A15864 /* main.m in Sources */ = {isa = PBXBuildFile; fileRef = 403D82B11A789DCB00A15864 /* main.m */; };
		403D82B51A789DCB00A15864 /* AppDelegate.m in Sources */ = {isa = PBXBuildFile; fileRef = 403D82B41A789DCB00A15864 /* AppDelegate.m */; };
		403D82B81A789DCB00A15864 /* ViewController.m in Sources */ = {isa = PBXBuildFile; fileRef = 403D82B71A789DCB00A15864 /* ViewController.m */; };
		403D82BD1A789DCB00A15864 /* Images.xcassets in Resources */ = {isa = PBXBuildFile; fileRef = 403D82BC1A789DCB00A15864 /* Images.xcassets */; };
		403D82C01A789DCB00A15864 /* LaunchScreen.xib in Resources */ = {isa = PBXBuildFile; fileRef = 403D82BE1A789DCB00A15864 /* LaunchScreen.xib */; };
		403D82CC1A789DCB00A15864 /* IPadUITableViewBugTests.m in Sources */ = {isa = PBXBuildFile; fileRef = 403D82CB1A789DCB00A15864 /* IPadUITableViewBugTests.m */; };
		403D82D61A789ED400A15864 /* ViewController.xib in Resources */ = {isa = PBXBuildFile; fileRef = 403D82D51A789ED400A15864 /* ViewController.xib */; };
/* End PBXBuildFile section */

/* Begin PBXContainerItemProxy section */
		403D82C61A789DCB00A15864 /* PBXContainerItemProxy */ = {
			isa = PBXContainerItemProxy;
			containerPortal = 403D82A41A789DCB00A15864 /* Project object */;
			proxyType = 1;
			remoteGlobalIDString = 403D82AB1A789DCB00A15864;
			remoteInfo = IPadUITableViewBug;
		};
/* End PBXContainerItemProxy section */

/* Begin PBXFileReference section */
		403D82AC1A789DCB00A15864 /* IPadUITableViewBug.app */ = {isa = PBXFileReference; explicitFileType = wrapper.application; includeInIndex = 0; path = IPadUITableViewBug.app; sourceTree = BUILT_PRODUCTS_DIR; };
		403D82B01A789DCB00A15864 /* Info.plist */ = {isa = PBXFileReference; lastKnownFileType = text.plist.xml; path = Info.plist; sourceTree = "<group>"; };
		403D82B11A789DCB00A15864 /* main.m */ = {isa = PBXFileReference; lastKnownFileType = sourcecode.c.objc; path = main.m; sourceTree = "<group>"; };
		403D82B31A789DCB00A15864 /* AppDelegate.h */ = {isa = PBXFileReference; lastKnownFileType = sourcecode.c.h; path = AppDelegate.h; sourceTree = "<group>"; };
		403D82B41A789DCB00A15864 /* AppDelegate.m */ = {isa = PBXFileReference; lastKnownFileType = sourcecode.c.objc; path = AppDelegate.m; sourceTree = "<group>"; };
		403D82B61A789DCB00A15864 /* ViewController.h */ = {isa = PBXFileReference; lastKnownFileType = sourcecode.c.h; path = ViewController.h; sourceTree = "<group>"; };
		403D82B71A789DCB00A15864 /* ViewController.m */ = {isa = PBXFileReference; lastKnownFileType = sourcecode.c.objc; path = ViewController.m; sourceTree = "<group>"; };
		403D82BC1A789DCB00A15864 /* Images.xcassets */ = {isa = PBXFileReference; lastKnownFileType = folder.assetcatalog; path = Images.xcassets; sourceTree = "<group>"; };
		403D82BF1A789DCB00A15864 /* Base */ = {isa = PBXFileReference; lastKnownFileType = file.xib; name = Base; path = Base.lproj/LaunchScreen.xib; sourceTree = "<group>"; };
		403D82C51A789DCB00A15864 /* IPadUITableViewBugTests.xctest */ = {isa = PBXFileReference; explicitFileType = wrapper.cfbundle; includeInIndex = 0; path = IPadUITableViewBugTests.xctest; sourceTree = BUILT_PRODUCTS_DIR; };
		403D82CA1A789DCB00A15864 /* Info.plist */ = {isa = PBXFileReference; lastKnownFileType = text.plist.xml; path = Info.plist; sourceTree = "<group>"; };
		403D82CB1A789DCB00A15864 /* IPadUITableViewBugTests.m */ = {isa = PBXFileReference; lastKnownFileType = sourcecode.c.objc; path = IPadUITableViewBugTests.m; sourceTree = "<group>"; };
		403D82D51A789ED400A15864 /* ViewController.xib */ = {isa = PBXFileReference; fileEncoding = 4; lastKnownFileType = file.xib; path = ViewController.xib; sourceTree = "<group>"; };
/* End PBXFileReference section */

/* Begin PBXFrameworksBuildPhase section */
		403D82A91A789DCB00A15864 /* Frameworks */ = {
			isa = PBXFrameworksBuildPhase;
			buildActionMask = 2147483647;
			files = (
			);
			runOnlyForDeploymentPostprocessing = 0;
		};
		403D82C21A789DCB00A15864 /* Frameworks */ = {
			isa = PBXFrameworksBuildPhase;
			buildActionMask = 2147483647;
			files = (
			);
			runOnlyForDeploymentPostprocessing = 0;
		};
/* End PBXFrameworksBuildPhase section */

/* Begin PBXGroup section */
		403D82A31A789DCB00A15864 = {
			isa = PBXGroup;
			children = (
				403D82AE1A789DCB00A15864 /* IPadUITableViewBug */,
				403D82C81A789DCB00A15864 /* IPadUITableViewBugTests */,
				403D82AD1A789DCB00A15864 /* Products */,
			);
			sourceTree = "<group>";
		};
		403D82AD1A789DCB00A15864 /* Products */ = {
			isa = PBXGroup;
			children = (
				403D82AC1A789DCB00A15864 /* IPadUITableViewBug.app */,
				403D82C51A789DCB00A15864 /* IPadUITableViewBugTests.xctest */,
			);
			name = Products;
			sourceTree = "<group>";
		};
		403D82AE1A789DCB00A15864 /* IPadUITableViewBug */ = {
			isa = PBXGroup;
			children = (
				403D82B31A789DCB00A15864 /* AppDelegate.h */,
				403D82B41A789DCB00A15864 /* AppDelegate.m */,
				403D82B61A789DCB00A15864 /* ViewController.h */,
				403D82B71A789DCB00A15864 /* ViewController.m */,
				403D82D51A789ED400A15864 /* ViewController.xib */,
				403D82BC1A789DCB00A15864 /* Images.xcassets */,
				403D82BE1A789DCB00A15864 /* LaunchScreen.xib */,
				403D82AF1A789DCB00A15864 /* Supporting Files */,
			);
			path = IPadUITableViewBug;
			sourceTree = "<group>";
		};
		403D82AF1A789DCB00A15864 /* Supporting Files */ = {
			isa = PBXGroup;
			children = (
				403D82B01A789DCB00A15864 /* Info.plist */,
				403D82B11A789DCB00A15864 /* main.m */,
			);
			name = "Supporting Files";
			sourceTree = "<group>";
		};
		403D82C81A789DCB00A15864 /* IPadUITableViewBugTests */ = {
			isa = PBXGroup;
			children = (
				403D82CB1A789DCB00A15864 /* IPadUITableViewBugTests.m */,
				403D82C91A789DCB00A15864 /* Supporting Files */,
			);
			path = IPadUITableViewBugTests;
			sourceTree = "<group>";
		};
		403D82C91A789DCB00A15864 /* Supporting Files */ = {
			isa = PBXGroup;
			children = (
				403D82CA1A789DCB00A15864 /* Info.plist */,
			);
			name = "Supporting Files";
			sourceTree = "<group>";
		};
/* End PBXGroup section */

/* Begin PBXNativeTarget section */
		403D82AB1A789DCB00A15864 /* IPadUITableViewBug */ = {
			isa = PBXNativeTarget;
			buildConfigurationList = 403D82CF1A789DCB00A15864 /* Build configuration list for PBXNativeTarget "IPadUITableViewBug" */;
			buildPhases = (
				403D82A81A789DCB00A15864 /* Sources */,
				403D82A91A789DCB00A15864 /* Frameworks */,
				403D82AA1A789DCB00A15864 /* Resources */,
			);
			buildRules = (
			);
			dependencies = (
			);
			name = IPadUITableViewBug;
			productName = IPadUITableViewBug;
			productReference = 403D82AC1A789DCB00A15864 /* IPadUITableViewBug.app */;
			productType = "com.apple.product-type.application";
		};
		403D82C41A789DCB00A15864 /* IPadUITableViewBugTests */ = {
			isa = PBXNativeTarget;
			buildConfigurationList = 403D82D21A789DCB00A15864 /* Build configuration list for PBXNativeTarget "IPadUITableViewBugTests" */;
			buildPhases = (
				403D82C11A789DCB00A15864 /* Sources */,
				403D82C21A789DCB00A15864 /* Frameworks */,
				403D82C31A789DCB00A15864 /* Resources */,
			);
			buildRules = (
			);
			dependencies = (
				403D82C71A789DCB00A15864 /* PBXTargetDependency */,
			);
			name = IPadUITableViewBugTests;
			productName = IPadUITableViewBugTests;
			productReference = 403D82C51A789DCB00A15864 /* IPadUITableViewBugTests.xctest */;
			productType = "com.apple.product-type.bundle.unit-test";
		};
/* End PBXNativeTarget section */

/* Begin PBXProject section */
		403D82A41A789DCB00A15864 /* Project object */ = {
			isa = PBXProject;
			attributes = {
				LastUpgradeCheck = 0610;
				ORGANIZATIONNAME = printandpixel;
				TargetAttributes = {
					403D82AB1A789DCB00A15864 = {
						CreatedOnToolsVersion = 6.1.1;
					};
					403D82C41A789DCB00A15864 = {
						CreatedOnToolsVersion = 6.1.1;
						TestTargetID = 403D82AB1A789DCB00A15864;
					};
				};
			};
			buildConfigurationList = 403D82A71A789DCB00A15864 /* Build configuration list for PBXProject "IPadUITableViewBug" */;
			compatibilityVersion = "Xcode 3.2";
			developmentRegion = English;
			hasScannedForEncodings = 0;
			knownRegions = (
				en,
				Base,
			);
			mainGroup = 403D82A31A789DCB00A15864;
			productRefGroup = 403D82AD1A789DCB00A15864 /* Products */;
			projectDirPath = "";
			projectRoot = "";
			targets = (
				403D82AB1A789DCB00A15864 /* IPadUITableViewBug */,
				403D82C41A789DCB00A15864 /* IPadUITableViewBugTests */,
			);
		};
/* End PBXProject section */

/* Begin PBXResourcesBuildPhase section */
		403D82AA1A789DCB00A15864 /* Resources */ = {
			isa = PBXResourcesBuildPhase;
			buildActionMask = 2147483647;
			files = (
				403D82C01A789DCB00A15864 /* LaunchScreen.xib in Resources */,
				403D82D61A789ED400A15864 /* ViewController.xib in Resources */,
				403D82BD1A789DCB00A15864 /* Images.xcassets in Resources */,
			);
			runOnlyForDeploymentPostprocessing = 0;
		};
		403D82C31A789DCB00A15864 /* Resources */ = {
			isa = PBXResourcesBuildPhase;
			buildActionMask = 2147483647;
			files = (
			);
			runOnlyForDeploymentPostprocessing = 0;
		};
/* End PBXResourcesBuildPhase section */

/* Begin PBXSourcesBuildPhase section */
		403D82A81A789DCB00A15864 /* Sources */ = {
			isa = PBXSourcesBuildPhase;
			buildActionMask = 2147483647;
			files = (
				403D82B81A789DCB00A15864 /* ViewController.m in Sources */,
				403D82B51A789DCB00A15864 /* AppDelegate.m in Sources */,
				403D82B21A789DCB00A15864 /* main.m in Sources */,
			);
			runOnlyForDeploymentPostprocessing = 0;
		};
		403D82C11A789DCB00A15864 /* Sources */ = {
			isa = PBXSourcesBuildPhase;
			buildActionMask = 2147483647;
			files = (
				403D82CC1A789DCB00A15864 /* IPadUITableViewBugTests.m in Sources */,
			);
			runOnlyForDeploymentPostprocessing = 0;
		};
/* End PBXSourcesBuildPhase section */

/* Begin PBXTargetDependency section */
		403D82C71A789DCB00A15864 /* PBXTargetDependency */ = {
			isa = PBXTargetDependency;
			target = 403D82AB1A789DCB00A15864 /* IPadUITableViewBug */;
			targetProxy = 403D82C61A789DCB00A15864 /* PBXContainerItemProxy */;
		};
/* End PBXTargetDependency section */

/* Begin PBXVariantGroup section */
		403D82BE1A789DCB00A15864 /* LaunchScreen.xib */ = {
			isa = PBXVariantGroup;
			children = (
				403D82BF1A789DCB00A15864 /* Base */,
			);
			name = LaunchScreen.xib;
			sourceTree = "<group>";
		};
/* End PBXVariantGroup section */

/* Begin XCBuildConfiguration section */
		403D82CD1A789DCB00A15864 /* Debug */ = {
			isa = XCBuildConfiguration;
			buildSettings = {
				ALWAYS_SEARCH_USER_PATHS = NO;
				CLANG_CXX_LANGUAGE_STANDARD = "gnu++0x";
				CLANG_CXX_LIBRARY = "libc++";
				CLANG_ENABLE_MODULES = YES;
				CLANG_ENABLE_OBJC_ARC = YES;
				CLANG_WARN_BOOL_CONVERSION = YES;
				CLANG_WARN_CONSTANT_CONVERSION = YES;
				CLANG_WARN_DIRECT_OBJC_ISA_USAGE = YES_ERROR;
				CLANG_WARN_EMPTY_BODY = YES;
				CLANG_WARN_ENUM_CONVERSION = YES;
				CLANG_WARN_INT_CONVERSION = YES;
				CLANG_WARN_OBJC_ROOT_CLASS = YES_ERROR;
				CLANG_WARN_UNREACHABLE_CODE = YES;
				CLANG_WARN__DUPLICATE_METHOD_MATCH = YES;
				"CODE_SIGN_IDENTITY[sdk=iphoneos*]" = "iPhone Developer";
				COPY_PHASE_STRIP = NO;
				ENABLE_STRICT_OBJC_MSGSEND = YES;
				GCC_C_LANGUAGE_STANDARD = gnu99;
				GCC_DYNAMIC_NO_PIC = NO;
				GCC_OPTIMIZATION_LEVEL = 0;
				GCC_PREPROCESSOR_DEFINITIONS = (
					"DEBUG=1",
					"$(inherited)",
				);
				GCC_SYMBOLS_PRIVATE_EXTERN = NO;
				GCC_WARN_64_TO_32_BIT_CONVERSION = YES;
				GCC_WARN_ABOUT_RETURN_TYPE = YES_ERROR;
				GCC_WARN_UNDECLARED_SELECTOR = YES;
				GCC_WARN_UNINITIALIZED_AUTOS = YES_AGGRESSIVE;
				GCC_WARN_UNUSED_FUNCTION = YES;
				GCC_WARN_UNUSED_VARIABLE = YES;
				IPHONEOS_DEPLOYMENT_TARGET = 8.1;
				MTL_ENABLE_DEBUG_INFO = YES;
				ONLY_ACTIVE_ARCH = YES;
				SDKROOT = iphoneos;
				TARGETED_DEVICE_FAMILY = "1,2";
			};
			name = Debug;
		};
		403D82CE1A789DCB00A15864 /* Release */ = {
			isa = XCBuildConfiguration;
			buildSettings = {
				ALWAYS_SEARCH_USER_PATHS = NO;
				CLANG_CXX_LANGUAGE_STANDARD = "gnu++0x";
				CLANG_CXX_LIBRARY = "libc++";
				CLANG_ENABLE_MODULES = YES;
				CLANG_ENABLE_OBJC_ARC = YES;
				CLANG_WARN_BOOL_CONVERSION = YES;
				CLANG_WARN_CONSTANT_CONVERSION = YES;
				CLANG_WARN_DIRECT_OBJC_ISA_USAGE = YES_ERROR;
				CLANG_WARN_EMPTY_BODY = YES;
				CLANG_WARN_ENUM_CONVERSION = YES;
				CLANG_WARN_INT_CONVERSION = YES;
				CLANG_WARN_OBJC_ROOT_CLASS = YES_ERROR;
				CLANG_WARN_UNREACHABLE_CODE = YES;
				CLANG_WARN__DUPLICATE_METHOD_MATCH = YES;
				"CODE_SIGN_IDENTITY[sdk=iphoneos*]" = "iPhone Developer";
				COPY_PHASE_STRIP = YES;
				ENABLE_NS_ASSERTIONS = NO;
				ENABLE_STRICT_OBJC_MSGSEND = YES;
				GCC_C_LANGUAGE_STANDARD = gnu99;
				GCC_WARN_64_TO_32_BIT_CONVERSION = YES;
				GCC_WARN_ABOUT_RETURN_TYPE = YES_ERROR;
				GCC_WARN_UNDECLARED_SELECTOR = YES;
				GCC_WARN_UNINITIALIZED_AUTOS = YES_AGGRESSIVE;
				GCC_WARN_UNUSED_FUNCTION = YES;
				GCC_WARN_UNUSED_VARIABLE = YES;
				IPHONEOS_DEPLOYMENT_TARGET = 8.1;
				MTL_ENABLE_DEBUG_INFO = NO;
				SDKROOT = iphoneos;
				TARGETED_DEVICE_FAMILY = "1,2";
				VALIDATE_PRODUCT = YES;
			};
			name = Release;
		};
		403D82D01A789DCB00A15864 /* Debug */ = {
			isa = XCBuildConfiguration;
			buildSettings = {
				ASSETCATALOG_COMPILER_APPICON_NAME = AppIcon;
				INFOPLIST_FILE = IPadUITableViewBug/Info.plist;
				LD_RUNPATH_SEARCH_PATHS = "$(inherited) @executable_path/Frameworks";
				PRODUCT_NAME = "$(TARGET_NAME)";
				TARGETED_DEVICE_FAMILY = "1,2";
			};
			name = Debug;
		};
		403D82D11A789DCB00A15864 /* Release */ = {
			isa = XCBuildConfiguration;
			buildSettings = {
				ASSETCATALOG_COMPILER_APPICON_NAME = AppIcon;
				INFOPLIST_FILE = IPadUITableViewBug/Info.plist;
				LD_RUNPATH_SEARCH_PATHS = "$(inherited) @executable_path/Frameworks";
				PRODUCT_NAME = "$(TARGET_NAME)";
				TARGETED_DEVICE_FAMILY = "1,2";
			};
			name = Release;
		};
		403D82D31A789DCB00A15864 /* Debug */ = {
			isa = XCBuildConfiguration;
			buildSettings = {
				BUNDLE_LOADER = "$(TEST_HOST)";
				FRAMEWORK_SEARCH_PATHS = (
					"$(SDKROOT)/Developer/Library/Frameworks",
					"$(inherited)",
				);
				GCC_PREPROCESSOR_DEFINITIONS = (
					"DEBUG=1",
					"$(inherited)",
				);
				INFOPLIST_FILE = IPadUITableViewBugTests/Info.plist;
				LD_RUNPATH_SEARCH_PATHS = "$(inherited) @executable_path/Frameworks @loader_path/Frameworks";
				PRODUCT_NAME = "$(TARGET_NAME)";
				TEST_HOST = "$(BUILT_PRODUCTS_DIR)/IPadUITableViewBug.app/IPadUITableViewBug";
			};
			name = Debug;
		};
		403D82D41A789DCB00A15864 /* Release */ = {
			isa = XCBuildConfiguration;
			buildSettings = {
				BUNDLE_LOADER = "$(TEST_HOST)";
				FRAMEWORK_SEARCH_PATHS = (
					"$(SDKROOT)/Developer/Library/Frameworks",
					"$(inherited)",
				);
				INFOPLIST_FILE = IPadUITableViewBugTests/Info.plist;
				LD_RUNPATH_SEARCH_PATHS = "$(inherited) @executable_path/Frameworks @loader_path/Frameworks";
				PRODUCT_NAME = "$(TARGET_NAME)";
				TEST_HOST = "$(BUILT_PRODUCTS_DIR)/IPadUITableViewBug.app/IPadUITableViewBug";
			};
			name = Release;
		};
/* End XCBuildConfiguration section */

/* Begin XCConfigurationList section */
		403D82A71A789DCB00A15864 /* Build configuration list for PBXProject "IPadUITableViewBug" */ = {
			isa = XCConfigurationList;
			buildConfigurations = (
				403D82CD1A789DCB00A15864 /* Debug */,
				403D82CE1A789DCB00A15864 /* Release */,
			);
			defaultConfigurationIsVisible = 0;
			defaultConfigurationName = Release;
		};
		403D82CF1A789DCB00A15864 /* Build configuration list for PBXNativeTarget "IPadUITableViewBug" */ = {
			isa = XCConfigurationList;
			buildConfigurations = (
				403D82D01A789DCB00A15864 /* Debug */,
				403D82D11A789DCB00A15864 /* Release */,
			);
			defaultConfigurationIsVisible = 0;
			defaultConfigurationName = Release;
		};
		403D82D21A789DCB00A15864 /* Build configuration list for PBXNativeTarget "IPadUITableViewBugTests" */ = {
			isa = XCConfigurationList;
			buildConfigurations = (
				403D82D31A789DCB00A15864 /* Debug */,
				403D82D41A789DCB00A15864 /* Release */,
			);
			defaultConfigurationIsVisible = 0;
			defaultConfigurationName = Release;
		};
/* End XCConfigurationList section */
	};
	rootObject = 403D82A41A789DCB00A15864 /* Project object */;
}
